
Microsoft Visual Studio Solution File, Format Version 12.00
# Visual Studio Version 17
VisualStudioVersion = 17.13.35919.96 d17.13
MinimumVisualStudioVersion = 10.0.40219.1
Project("{FAE04EC0-301F-11D3-BF4B-00C04F79EFBC}") = "ShopApp", "ShopApp\ShopApp.csproj", "{ECBCA879-FF8E-4CBD-AA87-29EC343C2501}"
EndProject
Global
	GlobalSection(SolutionConfigurationPlatforms) = preSolution
		Debug|Any CPU = Debug|Any CPU
		Release|Any CPU = Release|Any CPU
	EndGlobalSection
	GlobalSection(ProjectConfigurationPlatforms) = postSolution
		{ECBCA879-FF8E-4CBD-AA87-29EC343C2501}.Debug|Any CPU.ActiveCfg = Debug|Any CPU
		{ECBCA879-FF8E-4CBD-AA87-29EC343C2501}.Debug|Any CPU.Build.0 = Debug|Any CPU
		{ECBCA879-FF8E-4CBD-AA87-29EC343C2501}.Release|Any CPU.ActiveCfg = Release|Any CPU
		{ECBCA879-FF8E-4CBD-AA87-29EC343C2501}.Release|Any CPU.Build.0 = Release|Any CPU
	EndGlobalSection
	GlobalSection(SolutionProperties) = preSolution
		HideSolutionNode = FALSE
	EndGlobalSection
	GlobalSection(ExtensibilityGlobals) = postSolution
		SolutionGuid = {43427BDE-540F-4CB1-940B-B6B6E9A174A2}
	EndGlobalSection
EndGlobal
